# This file is autogenerated, do not edit; changes may be undone by the next 'dep ensure'.


[[projects]]
  branch = "master"
  name = "github.com/apex/log"
  packages = ["."]
  revision = "0296d6eb16bb28f8a0c55668affcf4876dc269be"

[[projects]]
  name = "github.com/pkg/errors"
  packages = ["."]
  revision = "645ef00459ed84a119197bfb8d8205042c6df63d"
  version = "v0.8.0"

[[projects]]
  name = "github.com/urfave/cli"
  packages = ["."]
  revision = "0bdeddeeb0f650497d603c4ad7b20cfe685682f6"
  version = "v1.19.1"

[solve-meta]
  analyzer-name = "dep"
  analyzer-version = 1
  inputs-digest = "2af64c157f6595adbe01db1ff28d54aed3f3a056d7b020a88c6f8850beae0efd"
  solver-name = "gps-cdcl"
  solver-version = 1
